{
  "name": "electron-react-boilerplate",
  "version": "4.6.0",
  "lockfileVersion": 2,
  "requires": true,
  "packages": {
    "": {
      "name": "electron-react-boilerplate",
      "version": "4.6.0",
      "hasInstallScript": true,
      "license": "MIT",
      "dependencies": {
        "your-package": "^1.0.0"
      }
    },
    "node_modules/your-package": {
      "version": "1.0.0",
      "resolved": "https://registry.npmjs.org/your-package/-/your-package-1.0.0.tgz",
      "integrity": "sha512-VG6eSgcn171FnCksfSzhN95Xl5zSQbnwM4ysuWFcEWWKOnam8jjTf0eI0HMsCoq1El6JiHjjEkYUqsnsMpsvZQ=="
    }
  },
  "dependencies": {
    "your-package": {
      "version": "1.0.0",
      "resolved": "https://registry.npmjs.org/your-package/-/your-package-1.0.0.tgz",
      "integrity": "sha512-VG6eSgcn171FnCksfSzhN95Xl5zSQbnwM4ysuWFcEWWKOnam8jjTf0eI0HMsCoq1El6JiHjjEkYUqsnsMpsvZQ=="
    }
  }
}
